{
  "name": "renderif",
  "version": "0.1.0",
  "lockfileVersion": 1,
  "requires": true,
  "dependencies": {
    "render-if": {
      "version": "0.1.1",
      "resolved": "https://registry.npmjs.org/render-if/-/render-if-0.1.1.tgz",
      "integrity": "sha1-8lWke/lzgUrAd3NbmUuV+j0c1C4="
    }
  }
}
